
Microsoft Visual Studio Solution File, Format Version 12.00
# Visual Studio Version 17
VisualStudioVersion = 17.11.35222.181
MinimumVisualStudioVersion = 10.0.40219.1
Project("{FAE04EC0-301F-11D3-BF4B-00C04F79EFBC}") = "Pod limitem", "Pod limitem\Pod limitem.csproj", "{3E822442-B671-4BA6-8152-52BAD1DC1F4F}"
EndProject
Global
	GlobalSection(SolutionConfigurationPlatforms) = preSolution
		Debug|Any CPU = Debug|Any CPU
		Release|Any CPU = Release|Any CPU
	EndGlobalSection
	GlobalSection(ProjectConfigurationPlatforms) = postSolution
		{3E822442-B671-4BA6-8152-52BAD1DC1F4F}.Debug|Any CPU.ActiveCfg = Debug|Any CPU
		{3E822442-B671-4BA6-8152-52BAD1DC1F4F}.Debug|Any CPU.Build.0 = Debug|Any CPU
		{3E822442-B671-4BA6-8152-52BAD1DC1F4F}.Release|Any CPU.ActiveCfg = Release|Any CPU
		{3E822442-B671-4BA6-8152-52BAD1DC1F4F}.Release|Any CPU.Build.0 = Release|Any CPU
	EndGlobalSection
	GlobalSection(SolutionProperties) = preSolution
		HideSolutionNode = FALSE
	EndGlobalSection
	GlobalSection(ExtensibilityGlobals) = postSolution
		SolutionGuid = {C1E8C1D2-6C57-4957-BCC6-6C3323A60F45}
	EndGlobalSection
EndGlobal
