
Microsoft Visual Studio Solution File, Format Version 12.00
# Visual Studio Version 17
VisualStudioVersion = 17.11.35222.181
MinimumVisualStudioVersion = 10.0.40219.1
Project("{FAE04EC0-301F-11D3-BF4B-00C04F79EFBC}") = "Sokoban2", "Sokoban2\Sokoban2.csproj", "{EC424B7B-0617-4B2E-973D-0B5922A1DE62}"
EndProject
Global
	GlobalSection(SolutionConfigurationPlatforms) = preSolution
		Debug|Any CPU = Debug|Any CPU
		Release|Any CPU = Release|Any CPU
	EndGlobalSection
	GlobalSection(ProjectConfigurationPlatforms) = postSolution
		{EC424B7B-0617-4B2E-973D-0B5922A1DE62}.Debug|Any CPU.ActiveCfg = Debug|Any CPU
		{EC424B7B-0617-4B2E-973D-0B5922A1DE62}.Debug|Any CPU.Build.0 = Debug|Any CPU
		{EC424B7B-0617-4B2E-973D-0B5922A1DE62}.Release|Any CPU.ActiveCfg = Release|Any CPU
		{EC424B7B-0617-4B2E-973D-0B5922A1DE62}.Release|Any CPU.Build.0 = Release|Any CPU
	EndGlobalSection
	GlobalSection(SolutionProperties) = preSolution
		HideSolutionNode = FALSE
	EndGlobalSection
	GlobalSection(ExtensibilityGlobals) = postSolution
		SolutionGuid = {BF7271F2-7C9B-4AF5-BF23-69168B0D100F}
	EndGlobalSection
EndGlobal
