
Microsoft Visual Studio Solution File, Format Version 12.00
# Visual Studio Version 17
VisualStudioVersion = 17.11.35222.181
MinimumVisualStudioVersion = 10.0.40219.1
Project("{FAE04EC0-301F-11D3-BF4B-00C04F79EFBC}") = "Lanovka - new solution", "Lanovka - new solution\Lanovka - new solution.csproj", "{DFEECE15-7753-4771-9C5C-C4F9CDCE7AC4}"
EndProject
Global
	GlobalSection(SolutionConfigurationPlatforms) = preSolution
		Debug|Any CPU = Debug|Any CPU
		Release|Any CPU = Release|Any CPU
	EndGlobalSection
	GlobalSection(ProjectConfigurationPlatforms) = postSolution
		{DFEECE15-7753-4771-9C5C-C4F9CDCE7AC4}.Debug|Any CPU.ActiveCfg = Debug|Any CPU
		{DFEECE15-7753-4771-9C5C-C4F9CDCE7AC4}.Debug|Any CPU.Build.0 = Debug|Any CPU
		{DFEECE15-7753-4771-9C5C-C4F9CDCE7AC4}.Release|Any CPU.ActiveCfg = Release|Any CPU
		{DFEECE15-7753-4771-9C5C-C4F9CDCE7AC4}.Release|Any CPU.Build.0 = Release|Any CPU
	EndGlobalSection
	GlobalSection(SolutionProperties) = preSolution
		HideSolutionNode = FALSE
	EndGlobalSection
	GlobalSection(ExtensibilityGlobals) = postSolution
		SolutionGuid = {9567ED17-7DF8-4B60-BCBA-9651595C87B8}
	EndGlobalSection
EndGlobal
