
Microsoft Visual Studio Solution File, Format Version 12.00
# Visual Studio Version 17
VisualStudioVersion = 17.11.35222.181
MinimumVisualStudioVersion = 10.0.40219.1
Project("{FAE04EC0-301F-11D3-BF4B-00C04F79EFBC}") = "Sokoban", "Sokoban\Sokoban.csproj", "{A9D63558-797D-492E-B0EC-9E2880D7FAF5}"
EndProject
Global
	GlobalSection(SolutionConfigurationPlatforms) = preSolution
		Debug|Any CPU = Debug|Any CPU
		Release|Any CPU = Release|Any CPU
	EndGlobalSection
	GlobalSection(ProjectConfigurationPlatforms) = postSolution
		{A9D63558-797D-492E-B0EC-9E2880D7FAF5}.Debug|Any CPU.ActiveCfg = Debug|Any CPU
		{A9D63558-797D-492E-B0EC-9E2880D7FAF5}.Debug|Any CPU.Build.0 = Debug|Any CPU
		{A9D63558-797D-492E-B0EC-9E2880D7FAF5}.Release|Any CPU.ActiveCfg = Release|Any CPU
		{A9D63558-797D-492E-B0EC-9E2880D7FAF5}.Release|Any CPU.Build.0 = Release|Any CPU
	EndGlobalSection
	GlobalSection(SolutionProperties) = preSolution
		HideSolutionNode = FALSE
	EndGlobalSection
	GlobalSection(ExtensibilityGlobals) = postSolution
		SolutionGuid = {5630D5F8-FB8B-43AF-A175-05306E34882B}
	EndGlobalSection
EndGlobal
